// !$*UTF8*$!
{
	archiveVersion = 1;
	classes = {
	};
	objectVersion = 52;
	objects = {

/* Begin PBXBuildFile section */
		766538AB23A64336008D8F5F /* AppDelegate.swift in Sources */ = {isa = PBXBuildFile; fileRef = 766538AA23A64336008D8F5F /* AppDelegate.swift */; };
		766538AD23A64336008D8F5F /* SceneDelegate.swift in Sources */ = {isa = PBXBuildFile; fileRef = 766538AC23A64336008D8F5F /* SceneDelegate.swift */; };
		766538AF23A64336008D8F5F /* WelcomeScreenViewController.swift in Sources */ = {isa = PBXBuildFile; fileRef = 766538AE23A64336008D8F5F /* WelcomeScreenViewController.swift */; };
		766538B223A64336008D8F5F /* Main.storyboard in Resources */ = {isa = PBXBuildFile; fileRef = 766538B023A64336008D8F5F /* Main.storyboard */; };
		766538B423A64338008D8F5F /* Assets.xcassets in Resources */ = {isa = PBXBuildFile; fileRef = 766538B323A64338008D8F5F /* Assets.xcassets */; };
		766538B723A64338008D8F5F /* LaunchScreen.storyboard in Resources */ = {isa = PBXBuildFile; fileRef = 766538B523A64338008D8F5F /* LaunchScreen.storyboard */; };
		766538C223A64338008D8F5F /* HockeyInfo_SwiftTests.swift in Sources */ = {isa = PBXBuildFile; fileRef = 766538C123A64338008D8F5F /* HockeyInfo_SwiftTests.swift */; };
		766538CD23A64338008D8F5F /* HockeyInfo_SwiftUITests.swift in Sources */ = {isa = PBXBuildFile; fileRef = 766538CC23A64338008D8F5F /* HockeyInfo_SwiftUITests.swift */; };
		766538DC23A7512E008D8F5F /* MainMenuViewController.swift in Sources */ = {isa = PBXBuildFile; fileRef = 766538DB23A7512E008D8F5F /* MainMenuViewController.swift */; };
		766538DF23A7592A008D8F5F /* NetworkManager.swift in Sources */ = {isa = PBXBuildFile; fileRef = 766538DE23A7592A008D8F5F /* NetworkManager.swift */; };
		766538EE23A76973008D8F5F /* NHLPeriodScoringData.swift in Sources */ = {isa = PBXBuildFile; fileRef = 766538E323A76973008D8F5F /* NHLPeriodScoringData.swift */; };
		766538EF23A76973008D8F5F /* TeamStatistics.swift in Sources */ = {isa = PBXBuildFile; fileRef = 766538E423A76973008D8F5F /* TeamStatistics.swift */; };
		766538F023A76973008D8F5F /* NHLTeam.swift in Sources */ = {isa = PBXBuildFile; fileRef = 766538E523A76973008D8F5F /* NHLTeam.swift */; };
		766538F123A76973008D8F5F /* NHLGameLog.swift in Sources */ = {isa = PBXBuildFile; fileRef = 766538E623A76973008D8F5F /* NHLGameLog.swift */; };
		766538F223A76973008D8F5F /* NHLPlayerInjury.swift in Sources */ = {isa = PBXBuildFile; fileRef = 766538E723A76973008D8F5F /* NHLPlayerInjury.swift */; };
		766538F323A76973008D8F5F /* NHLPlayer.swift in Sources */ = {isa = PBXBuildFile; fileRef = 766538E823A76973008D8F5F /* NHLPlayer.swift */; };
		766538F423A76973008D8F5F /* PlayerStatistics.swift in Sources */ = {isa = PBXBuildFile; fileRef = 766538E923A76973008D8F5F /* PlayerStatistics.swift */; };
		766538F523A76973008D8F5F /* NHLScoringSummary.swift in Sources */ = {isa = PBXBuildFile; fileRef = 766538EA23A76973008D8F5F /* NHLScoringSummary.swift */; };
		766538F623A76973008D8F5F /* TeamStandings.swift in Sources */ = {isa = PBXBuildFile; fileRef = 766538EB23A76973008D8F5F /* TeamStandings.swift */; };
		766538F723A76973008D8F5F /* NHLSchedule.swift in Sources */ = {isa = PBXBuildFile; fileRef = 766538EC23A76973008D8F5F /* NHLSchedule.swift */; };
		766538F823A76973008D8F5F /* MainMenuCategory.swift in Sources */ = {isa = PBXBuildFile; fileRef = 766538ED23A76973008D8F5F /* MainMenuCategory.swift */; };
		766538FB23A769A0008D8F5F /* TYProgressBar.swift in Sources */ = {isa = PBXBuildFile; fileRef = 766538FA23A769A0008D8F5F /* TYProgressBar.swift */; };
		7665390723A769C9008D8F5F /* CompletedScheduleViewCell.xib in Resources */ = {isa = PBXBuildFile; fileRef = 766538FD23A769C9008D8F5F /* CompletedScheduleViewCell.xib */; };
		7665390823A769C9008D8F5F /* StandingsCell.swift in Sources */ = {isa = PBXBuildFile; fileRef = 766538FE23A769C9008D8F5F /* StandingsCell.swift */; };
		7665390923A769C9008D8F5F /* CompletedScheduleViewCell.swift in Sources */ = {isa = PBXBuildFile; fileRef = 766538FF23A769C9008D8F5F /* CompletedScheduleViewCell.swift */; };
		7665390A23A769C9008D8F5F /* ScoreSummaryCell.xib in Resources */ = {isa = PBXBuildFile; fileRef = 7665390023A769C9008D8F5F /* ScoreSummaryCell.xib */; };
		7665390B23A769C9008D8F5F /* FutureScheduleViewCell.xib in Resources */ = {isa = PBXBuildFile; fileRef = 7665390123A769C9008D8F5F /* FutureScheduleViewCell.xib */; };
		7665390C23A769C9008D8F5F /* StandingsCell.xib in Resources */ = {isa = PBXBuildFile; fileRef = 7665390223A769C9008D8F5F /* StandingsCell.xib */; };
		7665390D23A769C9008D8F5F /* ScoreSummaryCell.swift in Sources */ = {isa = PBXBuildFile; fileRef = 7665390323A769C9008D8F5F /* ScoreSummaryCell.swift */; };
		7665390E23A769C9008D8F5F /* ScoreCell.xib in Resources */ = {isa = PBXBuildFile; fileRef = 7665390423A769C9008D8F5F /* ScoreCell.xib */; };
		7665390F23A769C9008D8F5F /* ScoreCell.swift in Sources */ = {isa = PBXBuildFile; fileRef = 7665390523A769C9008D8F5F /* ScoreCell.swift */; };
		7665391023A769C9008D8F5F /* FutureScheduleViewCell.swift in Sources */ = {isa = PBXBuildFile; fileRef = 7665390623A769C9008D8F5F /* FutureScheduleViewCell.swift */; };
		7665391423A769EA008D8F5F /* CellView.swift in Sources */ = {isa = PBXBuildFile; fileRef = 7665391223A769EA008D8F5F /* CellView.swift */; };
		7665391523A769EA008D8F5F /* CellView.xib in Resources */ = {isa = PBXBuildFile; fileRef = 7665391323A769EA008D8F5F /* CellView.xib */; };
		7665391D23A76A2C008D8F5F /* TimeAndDateUtils.swift in Sources */ = {isa = PBXBuildFile; fileRef = 7665391723A76A2C008D8F5F /* TimeAndDateUtils.swift */; };
		7665391E23A76A2C008D8F5F /* ConversionUtils.swift in Sources */ = {isa = PBXBuildFile; fileRef = 7665391823A76A2C008D8F5F /* ConversionUtils.swift */; };
		7665391F23A76A2C008D8F5F /* ScheduleTableViewCell.xib in Resources */ = {isa = PBXBuildFile; fileRef = 7665391A23A76A2C008D8F5F /* ScheduleTableViewCell.xib */; };
		7665392023A76A2C008D8F5F /* Schedule.swift in Sources */ = {isa = PBXBuildFile; fileRef = 7665391B23A76A2C008D8F5F /* Schedule.swift */; };
		7665392123A76A2C008D8F5F /* ScheduleTableViewCell.swift in Sources */ = {isa = PBXBuildFile; fileRef = 7665391C23A76A2C008D8F5F /* ScheduleTableViewCell.swift */; };
		7665392E23A76D08008D8F5F /* DatabaseErrorEnum.swift in Sources */ = {isa = PBXBuildFile; fileRef = 7665392323A76D07008D8F5F /* DatabaseErrorEnum.swift */; };
		7665392F23A76D08008D8F5F /* NetworkErrorEnum.swift in Sources */ = {isa = PBXBuildFile; fileRef = 7665392423A76D07008D8F5F /* NetworkErrorEnum.swift */; };
		7665393023A76D08008D8F5F /* Extensions.swift in Sources */ = {isa = PBXBuildFile; fileRef = 7665392623A76D07008D8F5F /* Extensions.swift */; };
		7665393123A76D08008D8F5F /* PlayedStatusEnum.swift in Sources */ = {isa = PBXBuildFile; fileRef = 7665392823A76D07008D8F5F /* PlayedStatusEnum.swift */; };
		7665393223A76D08008D8F5F /* ConferenceEnum.swift in Sources */ = {isa = PBXBuildFile; fileRef = 7665392923A76D07008D8F5F /* ConferenceEnum.swift */; };
		7665393323A76D08008D8F5F /* DivisionEnum.swift in Sources */ = {isa = PBXBuildFile; fileRef = 7665392A23A76D07008D8F5F /* DivisionEnum.swift */; };
		7665393423A76D08008D8F5F /* PeriodEnum.swift in Sources */ = {isa = PBXBuildFile; fileRef = 7665392B23A76D07008D8F5F /* PeriodEnum.swift */; };
		7665393523A76D08008D8F5F /* PositionEnum.swift in Sources */ = {isa = PBXBuildFile; fileRef = 7665392C23A76D07008D8F5F /* PositionEnum.swift */; };
		7665393623A76D08008D8F5F /* PlayingProbabilityEnum.swift in Sources */ = {isa = PBXBuildFile; fileRef = 7665392D23A76D07008D8F5F /* PlayingProbabilityEnum.swift */; };
		7665393823A76D58008D8F5F /* TeamManager.swift in Sources */ = {isa = PBXBuildFile; fileRef = 7665393723A76D58008D8F5F /* TeamManager.swift */; };
		7665393A23A76DAF008D8F5F /* Constants.swift in Sources */ = {isa = PBXBuildFile; fileRef = 7665393923A76DAF008D8F5F /* Constants.swift */; };
		80075FFBAEC9BF88D3C243A4 /* Pods_HockeyInfo_Swift.framework in Frameworks */ = {isa = PBXBuildFile; fileRef = 1387EFE794C8CFF4D2060F83 /* Pods_HockeyInfo_Swift.framework */; };
/* End PBXBuildFile section */

/* Begin PBXContainerItemProxy section */
		766538BE23A64338008D8F5F /* PBXContainerItemProxy */ = {
			isa = PBXContainerItemProxy;
			containerPortal = 7665389F23A64336008D8F5F /* Project object */;
			proxyType = 1;
			remoteGlobalIDString = 766538A623A64336008D8F5F;
			remoteInfo = "HockeyInfo-Swift";
		};
		766538C923A64338008D8F5F /* PBXContainerItemProxy */ = {
			isa = PBXContainerItemProxy;
			containerPortal = 7665389F23A64336008D8F5F /* Project object */;
			proxyType = 1;
			remoteGlobalIDString = 766538A623A64336008D8F5F;
			remoteInfo = "HockeyInfo-Swift";
		};
/* End PBXContainerItemProxy section */

/* Begin PBXFileReference section */
		081A34FA560CB84608037D42 /* Pods-HockeyInfo-Swift.debug.xcconfig */ = {isa = PBXFileReference; includeInIndex = 1; lastKnownFileType = text.xcconfig; name = "Pods-HockeyInfo-Swift.debug.xcconfig"; path = "Target Support Files/Pods-HockeyInfo-Swift/Pods-HockeyInfo-Swift.debug.xcconfig"; sourceTree = "<group>"; };
		1387EFE794C8CFF4D2060F83 /* Pods_HockeyInfo_Swift.framework */ = {isa = PBXFileReference; explicitFileType = wrapper.framework; includeInIndex = 0; path = Pods_HockeyInfo_Swift.framework; sourceTree = BUILT_PRODUCTS_DIR; };
		43745ED212ADDA948A96D136 /* Pods-HockeyInfo-Swift.release.xcconfig */ = {isa = PBXFileReference; includeInIndex = 1; lastKnownFileType = text.xcconfig; name = "Pods-HockeyInfo-Swift.release.xcconfig"; path = "Target Support Files/Pods-HockeyInfo-Swift/Pods-HockeyInfo-Swift.release.xcconfig"; sourceTree = "<group>"; };
		766538A723A64336008D8F5F /* HockeyInfo-Swift.app */ = {isa = PBXFileReference; explicitFileType = wrapper.application; includeInIndex = 0; path = "HockeyInfo-Swift.app"; sourceTree = BUILT_PRODUCTS_DIR; };
		766538AA23A64336008D8F5F /* AppDelegate.swift */ = {isa = PBXFileReference; lastKnownFileType = sourcecode.swift; path = AppDelegate.swift; sourceTree = "<group>"; };
		766538AC23A64336008D8F5F /* SceneDelegate.swift */ = {isa = PBXFileReference; lastKnownFileType = sourcecode.swift; path = SceneDelegate.swift; sourceTree = "<group>"; };
		766538AE23A64336008D8F5F /* WelcomeScreenViewController.swift */ = {isa = PBXFileReference; lastKnownFileType = sourcecode.swift; path = WelcomeScreenViewController.swift; sourceTree = "<group>"; };
		766538B123A64336008D8F5F /* Base */ = {isa = PBXFileReference; lastKnownFileType = file.storyboard; name = Base; path = Base.lproj/Main.storyboard; sourceTree = "<group>"; };
		766538B323A64338008D8F5F /* Assets.xcassets */ = {isa = PBXFileReference; lastKnownFileType = folder.assetcatalog; path = Assets.xcassets; sourceTree = "<group>"; };
		766538B623A64338008D8F5F /* Base */ = {isa = PBXFileReference; lastKnownFileType = file.storyboard; name = Base; path = Base.lproj/LaunchScreen.storyboard; sourceTree = "<group>"; };
		766538B823A64338008D8F5F /* Info.plist */ = {isa = PBXFileReference; lastKnownFileType = text.plist.xml; path = Info.plist; sourceTree = "<group>"; };
		766538BD23A64338008D8F5F /* HockeyInfo-SwiftTests.xctest */ = {isa = PBXFileReference; explicitFileType = wrapper.cfbundle; includeInIndex = 0; path = "HockeyInfo-SwiftTests.xctest"; sourceTree = BUILT_PRODUCTS_DIR; };
		766538C123A64338008D8F5F /* HockeyInfo_SwiftTests.swift */ = {isa = PBXFileReference; lastKnownFileType = sourcecode.swift; path = HockeyInfo_SwiftTests.swift; sourceTree = "<group>"; };
		766538C323A64338008D8F5F /* Info.plist */ = {isa = PBXFileReference; lastKnownFileType = text.plist.xml; path = Info.plist; sourceTree = "<group>"; };
		766538C823A64338008D8F5F /* HockeyInfo-SwiftUITests.xctest */ = {isa = PBXFileReference; explicitFileType = wrapper.cfbundle; includeInIndex = 0; path = "HockeyInfo-SwiftUITests.xctest"; sourceTree = BUILT_PRODUCTS_DIR; };
		766538CC23A64338008D8F5F /* HockeyInfo_SwiftUITests.swift */ = {isa = PBXFileReference; lastKnownFileType = sourcecode.swift; path = HockeyInfo_SwiftUITests.swift; sourceTree = "<group>"; };
		766538CE23A64338008D8F5F /* Info.plist */ = {isa = PBXFileReference; lastKnownFileType = text.plist.xml; path = Info.plist; sourceTree = "<group>"; };
		766538DB23A7512E008D8F5F /* MainMenuViewController.swift */ = {isa = PBXFileReference; lastKnownFileType = sourcecode.swift; path = MainMenuViewController.swift; sourceTree = "<group>"; };
		766538DE23A7592A008D8F5F /* NetworkManager.swift */ = {isa = PBXFileReference; lastKnownFileType = sourcecode.swift; path = NetworkManager.swift; sourceTree = "<group>"; };
		766538E323A76973008D8F5F /* NHLPeriodScoringData.swift */ = {isa = PBXFileReference; fileEncoding = 4; lastKnownFileType = sourcecode.swift; path = NHLPeriodScoringData.swift; sourceTree = "<group>"; };
		766538E423A76973008D8F5F /* TeamStatistics.swift */ = {isa = PBXFileReference; fileEncoding = 4; lastKnownFileType = sourcecode.swift; path = TeamStatistics.swift; sourceTree = "<group>"; };
		766538E523A76973008D8F5F /* NHLTeam.swift */ = {isa = PBXFileReference; fileEncoding = 4; lastKnownFileType = sourcecode.swift; path = NHLTeam.swift; sourceTree = "<group>"; };
		766538E623A76973008D8F5F /* NHLGameLog.swift */ = {isa = PBXFileReference; fileEncoding = 4; lastKnownFileType = sourcecode.swift; path = NHLGameLog.swift; sourceTree = "<group>"; };
		766538E723A76973008D8F5F /* NHLPlayerInjury.swift */ = {isa = PBXFileReference; fileEncoding = 4; lastKnownFileType = sourcecode.swift; path = NHLPlayerInjury.swift; sourceTree = "<group>"; };
		766538E823A76973008D8F5F /* NHLPlayer.swift */ = {isa = PBXFileReference; fileEncoding = 4; lastKnownFileType = sourcecode.swift; path = NHLPlayer.swift; sourceTree = "<group>"; };
		766538E923A76973008D8F5F /* PlayerStatistics.swift */ = {isa = PBXFileReference; fileEncoding = 4; lastKnownFileType = sourcecode.swift; path = PlayerStatistics.swift; sourceTree = "<group>"; };
		766538EA23A76973008D8F5F /* NHLScoringSummary.swift */ = {isa = PBXFileReference; fileEncoding = 4; lastKnownFileType = sourcecode.swift; path = NHLScoringSummary.swift; sourceTree = "<group>"; };
		766538EB23A76973008D8F5F /* TeamStandings.swift */ = {isa = PBXFileReference; fileEncoding = 4; lastKnownFileType = sourcecode.swift; path = TeamStandings.swift; sourceTree = "<group>"; };
		766538EC23A76973008D8F5F /* NHLSchedule.swift */ = {isa = PBXFileReference; fileEncoding = 4; lastKnownFileType = sourcecode.swift; path = NHLSchedule.swift; sourceTree = "<group>"; };
		766538ED23A76973008D8F5F /* MainMenuCategory.swift */ = {isa = PBXFileReference; fileEncoding = 4; lastKnownFileType = sourcecode.swift; path = MainMenuCategory.swift; sourceTree = "<group>"; };
		766538FA23A769A0008D8F5F /* TYProgressBar.swift */ = {isa = PBXFileReference; fileEncoding = 4; lastKnownFileType = sourcecode.swift; path = TYProgressBar.swift; sourceTree = "<group>"; };
		766538FD23A769C9008D8F5F /* CompletedScheduleViewCell.xib */ = {isa = PBXFileReference; fileEncoding = 4; lastKnownFileType = file.xib; path = CompletedScheduleViewCell.xib; sourceTree = "<group>"; };
		766538FE23A769C9008D8F5F /* StandingsCell.swift */ = {isa = PBXFileReference; fileEncoding = 4; lastKnownFileType = sourcecode.swift; path = StandingsCell.swift; sourceTree = "<group>"; };
		766538FF23A769C9008D8F5F /* CompletedScheduleViewCell.swift */ = {isa = PBXFileReference; fileEncoding = 4; lastKnownFileType = sourcecode.swift; path = CompletedScheduleViewCell.swift; sourceTree = "<group>"; };
		7665390023A769C9008D8F5F /* ScoreSummaryCell.xib */ = {isa = PBXFileReference; fileEncoding = 4; lastKnownFileType = file.xib; path = ScoreSummaryCell.xib; sourceTree = "<group>"; };
		7665390123A769C9008D8F5F /* FutureScheduleViewCell.xib */ = {isa = PBXFileReference; fileEncoding = 4; lastKnownFileType = file.xib; path = FutureScheduleViewCell.xib; sourceTree = "<group>"; };
		7665390223A769C9008D8F5F /* StandingsCell.xib */ = {isa = PBXFileReference; fileEncoding = 4; lastKnownFileType = file.xib; path = StandingsCell.xib; sourceTree = "<group>"; };
		7665390323A769C9008D8F5F /* ScoreSummaryCell.swift */ = {isa = PBXFileReference; fileEncoding = 4; lastKnownFileType = sourcecode.swift; path = ScoreSummaryCell.swift; sourceTree = "<group>"; };
		7665390423A769C9008D8F5F /* ScoreCell.xib */ = {isa = PBXFileReference; fileEncoding = 4; lastKnownFileType = file.xib; path = ScoreCell.xib; sourceTree = "<group>"; };
		7665390523A769C9008D8F5F /* ScoreCell.swift */ = {isa = PBXFileReference; fileEncoding = 4; lastKnownFileType = sourcecode.swift; path = ScoreCell.swift; sourceTree = "<group>"; };
		7665390623A769C9008D8F5F /* FutureScheduleViewCell.swift */ = {isa = PBXFileReference; fileEncoding = 4; lastKnownFileType = sourcecode.swift; path = FutureScheduleViewCell.swift; sourceTree = "<group>"; };
		7665391223A769EA008D8F5F /* CellView.swift */ = {isa = PBXFileReference; fileEncoding = 4; lastKnownFileType = sourcecode.swift; path = CellView.swift; sourceTree = "<group>"; };
		7665391323A769EA008D8F5F /* CellView.xib */ = {isa = PBXFileReference; fileEncoding = 4; lastKnownFileType = file.xib; path = CellView.xib; sourceTree = "<group>"; };
		7665391723A76A2C008D8F5F /* TimeAndDateUtils.swift */ = {isa = PBXFileReference; fileEncoding = 4; lastKnownFileType = sourcecode.swift; path = TimeAndDateUtils.swift; sourceTree = "<group>"; };
		7665391823A76A2C008D8F5F /* ConversionUtils.swift */ = {isa = PBXFileReference; fileEncoding = 4; lastKnownFileType = sourcecode.swift; path = ConversionUtils.swift; sourceTree = "<group>"; };
		7665391A23A76A2C008D8F5F /* ScheduleTableViewCell.xib */ = {isa = PBXFileReference; fileEncoding = 4; lastKnownFileType = file.xib; path = ScheduleTableViewCell.xib; sourceTree = "<group>"; };
		7665391B23A76A2C008D8F5F /* Schedule.swift */ = {isa = PBXFileReference; fileEncoding = 4; lastKnownFileType = sourcecode.swift; path = Schedule.swift; sourceTree = "<group>"; };
		7665391C23A76A2C008D8F5F /* ScheduleTableViewCell.swift */ = {isa = PBXFileReference; fileEncoding = 4; lastKnownFileType = sourcecode.swift; path = ScheduleTableViewCell.swift; sourceTree = "<group>"; };
		7665392323A76D07008D8F5F /* DatabaseErrorEnum.swift */ = {isa = PBXFileReference; fileEncoding = 4; lastKnownFileType = sourcecode.swift; path = DatabaseErrorEnum.swift; sourceTree = "<group>"; };
		7665392423A76D07008D8F5F /* NetworkErrorEnum.swift */ = {isa = PBXFileReference; fileEncoding = 4; lastKnownFileType = sourcecode.swift; path = NetworkErrorEnum.swift; sourceTree = "<group>"; };
		7665392623A76D07008D8F5F /* Extensions.swift */ = {isa = PBXFileReference; fileEncoding = 4; lastKnownFileType = sourcecode.swift; path = Extensions.swift; sourceTree = "<group>"; };
		7665392823A76D07008D8F5F /* PlayedStatusEnum.swift */ = {isa = PBXFileReference; fileEncoding = 4; lastKnownFileType = sourcecode.swift; path = PlayedStatusEnum.swift; sourceTree = "<group>"; };
		7665392923A76D07008D8F5F /* ConferenceEnum.swift */ = {isa = PBXFileReference; fileEncoding = 4; lastKnownFileType = sourcecode.swift; path = ConferenceEnum.swift; sourceTree = "<group>"; };
		7665392A23A76D07008D8F5F /* DivisionEnum.swift */ = {isa = PBXFileReference; fileEncoding = 4; lastKnownFileType = sourcecode.swift; path = DivisionEnum.swift; sourceTree = "<group>"; };
		7665392B23A76D07008D8F5F /* PeriodEnum.swift */ = {isa = PBXFileReference; fileEncoding = 4; lastKnownFileType = sourcecode.swift; path = PeriodEnum.swift; sourceTree = "<group>"; };
		7665392C23A76D07008D8F5F /* PositionEnum.swift */ = {isa = PBXFileReference; fileEncoding = 4; lastKnownFileType = sourcecode.swift; path = PositionEnum.swift; sourceTree = "<group>"; };
		7665392D23A76D07008D8F5F /* PlayingProbabilityEnum.swift */ = {isa = PBXFileReference; fileEncoding = 4; lastKnownFileType = sourcecode.swift; path = PlayingProbabilityEnum.swift; sourceTree = "<group>"; };
		7665393723A76D58008D8F5F /* TeamManager.swift */ = {isa = PBXFileReference; fileEncoding = 4; lastKnownFileType = sourcecode.swift; path = TeamManager.swift; sourceTree = "<group>"; };
		7665393923A76DAF008D8F5F /* Constants.swift */ = {isa = PBXFileReference; fileEncoding = 4; lastKnownFileType = sourcecode.swift; path = Constants.swift; sourceTree = "<group>"; };
/* End PBXFileReference section */

/* Begin PBXFrameworksBuildPhase section */
		766538A423A64336008D8F5F /* Frameworks */ = {
			isa = PBXFrameworksBuildPhase;
			buildActionMask = 2147483647;
			files = (
				80075FFBAEC9BF88D3C243A4 /* Pods_HockeyInfo_Swift.framework in Frameworks */,
			);
			runOnlyForDeploymentPostprocessing = 0;
		};
		766538BA23A64338008D8F5F /* Frameworks */ = {
			isa = PBXFrameworksBuildPhase;
			buildActionMask = 2147483647;
			files = (
			);
			runOnlyForDeploymentPostprocessing = 0;
		};
		766538C523A64338008D8F5F /* Frameworks */ = {
			isa = PBXFrameworksBuildPhase;
			buildActionMask = 2147483647;
			files = (
			);
			runOnlyForDeploymentPostprocessing = 0;
		};
/* End PBXFrameworksBuildPhase section */

/* Begin PBXGroup section */
		27DCD0F724FDDCCBE9458932 /* Pods */ = {
			isa = PBXGroup;
			children = (
				081A34FA560CB84608037D42 /* Pods-HockeyInfo-Swift.debug.xcconfig */,
				43745ED212ADDA948A96D136 /* Pods-HockeyInfo-Swift.release.xcconfig */,
			);
			path = Pods;
			sourceTree = "<group>";
		};
		7665389E23A64336008D8F5F = {
			isa = PBXGroup;
			children = (
				766538A923A64336008D8F5F /* HockeyInfo-Swift */,
				766538C023A64338008D8F5F /* HockeyInfo-SwiftTests */,
				766538CB23A64338008D8F5F /* HockeyInfo-SwiftUITests */,
				766538A823A64336008D8F5F /* Products */,
				27DCD0F724FDDCCBE9458932 /* Pods */,
				FA58142CF7FC22305522C080 /* Frameworks */,
			);
			sourceTree = "<group>";
		};
		766538A823A64336008D8F5F /* Products */ = {
			isa = PBXGroup;
			children = (
				766538A723A64336008D8F5F /* HockeyInfo-Swift.app */,
				766538BD23A64338008D8F5F /* HockeyInfo-SwiftTests.xctest */,
				766538C823A64338008D8F5F /* HockeyInfo-SwiftUITests.xctest */,
			);
			name = Products;
			sourceTree = "<group>";
		};
		766538A923A64336008D8F5F /* HockeyInfo-Swift */ = {
			isa = PBXGroup;
			children = (
				7665392523A76D07008D8F5F /* Extensions */,
				7665392223A76D07008D8F5F /* Error Enums */,
				7665392723A76D07008D8F5F /* Enums */,
				7665393923A76DAF008D8F5F /* Constants.swift */,
				7665391923A76A2C008D8F5F /* Schedules */,
				7665391623A76A2C008D8F5F /* Utils */,
				7665391123A769EA008D8F5F /* DateCellCreatedWithXIB */,
				766538FC23A769C9008D8F5F /* Cells Created With XIB */,
				766538F923A769A0008D8F5F /* Progress Bar */,
				766538E223A76973008D8F5F /* Database Models */,
				766538E123A75BC1008D8F5F /* Models */,
				766538E023A75B9F008D8F5F /* View */,
				766538DD23A75863008D8F5F /* Managers */,
				766538AA23A64336008D8F5F /* AppDelegate.swift */,
				766538AC23A64336008D8F5F /* SceneDelegate.swift */,
				766538DA23A6455C008D8F5F /* View Controllers */,
				766538B323A64338008D8F5F /* Assets.xcassets */,
				766538B523A64338008D8F5F /* LaunchScreen.storyboard */,
				766538B823A64338008D8F5F /* Info.plist */,
			);
			path = "HockeyInfo-Swift";
			sourceTree = "<group>";
		};
		766538C023A64338008D8F5F /* HockeyInfo-SwiftTests */ = {
			isa = PBXGroup;
			children = (
				766538C123A64338008D8F5F /* HockeyInfo_SwiftTests.swift */,
				766538C323A64338008D8F5F /* Info.plist */,
			);
			path = "HockeyInfo-SwiftTests";
			sourceTree = "<group>";
		};
		766538CB23A64338008D8F5F /* HockeyInfo-SwiftUITests */ = {
			isa = PBXGroup;
			children = (
				766538CC23A64338008D8F5F /* HockeyInfo_SwiftUITests.swift */,
				766538CE23A64338008D8F5F /* Info.plist */,
			);
			path = "HockeyInfo-SwiftUITests";
			sourceTree = "<group>";
		};
		766538DA23A6455C008D8F5F /* View Controllers */ = {
			isa = PBXGroup;
			children = (
				766538AE23A64336008D8F5F /* WelcomeScreenViewController.swift */,
				766538DB23A7512E008D8F5F /* MainMenuViewController.swift */,
			);
			path = "View Controllers";
			sourceTree = "<group>";
		};
		766538DD23A75863008D8F5F /* Managers */ = {
			isa = PBXGroup;
			children = (
				7665393723A76D58008D8F5F /* TeamManager.swift */,
				766538DE23A7592A008D8F5F /* NetworkManager.swift */,
			);
			path = Managers;
			sourceTree = "<group>";
		};
		766538E023A75B9F008D8F5F /* View */ = {
			isa = PBXGroup;
			children = (
				766538B023A64336008D8F5F /* Main.storyboard */,
			);
			path = View;
			sourceTree = "<group>";
		};
		766538E123A75BC1008D8F5F /* Models */ = {
			isa = PBXGroup;
			children = (
			);
			path = Models;
			sourceTree = "<group>";
		};
		766538E223A76973008D8F5F /* Database Models */ = {
			isa = PBXGroup;
			children = (
				766538E323A76973008D8F5F /* NHLPeriodScoringData.swift */,
				766538E423A76973008D8F5F /* TeamStatistics.swift */,
				766538E523A76973008D8F5F /* NHLTeam.swift */,
				766538E623A76973008D8F5F /* NHLGameLog.swift */,
				766538E723A76973008D8F5F /* NHLPlayerInjury.swift */,
				766538E823A76973008D8F5F /* NHLPlayer.swift */,
				766538E923A76973008D8F5F /* PlayerStatistics.swift */,
				766538EA23A76973008D8F5F /* NHLScoringSummary.swift */,
				766538EB23A76973008D8F5F /* TeamStandings.swift */,
				766538EC23A76973008D8F5F /* NHLSchedule.swift */,
				766538ED23A76973008D8F5F /* MainMenuCategory.swift */,
			);
			path = "Database Models";
			sourceTree = "<group>";
		};
		766538F923A769A0008D8F5F /* Progress Bar */ = {
			isa = PBXGroup;
			children = (
				766538FA23A769A0008D8F5F /* TYProgressBar.swift */,
			);
			path = "Progress Bar";
			sourceTree = "<group>";
		};
		766538FC23A769C9008D8F5F /* Cells Created With XIB */ = {
			isa = PBXGroup;
			children = (
				766538FD23A769C9008D8F5F /* CompletedScheduleViewCell.xib */,
				766538FE23A769C9008D8F5F /* StandingsCell.swift */,
				766538FF23A769C9008D8F5F /* CompletedScheduleViewCell.swift */,
				7665390023A769C9008D8F5F /* ScoreSummaryCell.xib */,
				7665390123A769C9008D8F5F /* FutureScheduleViewCell.xib */,
				7665390223A769C9008D8F5F /* StandingsCell.xib */,
				7665390323A769C9008D8F5F /* ScoreSummaryCell.swift */,
				7665390423A769C9008D8F5F /* ScoreCell.xib */,
				7665390523A769C9008D8F5F /* ScoreCell.swift */,
				7665390623A769C9008D8F5F /* FutureScheduleViewCell.swift */,
			);
			path = "Cells Created With XIB";
			sourceTree = "<group>";
		};
		7665391123A769EA008D8F5F /* DateCellCreatedWithXIB */ = {
			isa = PBXGroup;
			children = (
				7665391223A769EA008D8F5F /* CellView.swift */,
				7665391323A769EA008D8F5F /* CellView.xib */,
			);
			path = DateCellCreatedWithXIB;
			sourceTree = "<group>";
		};
		7665391623A76A2C008D8F5F /* Utils */ = {
			isa = PBXGroup;
			children = (
				7665391723A76A2C008D8F5F /* TimeAndDateUtils.swift */,
				7665391823A76A2C008D8F5F /* ConversionUtils.swift */,
			);
			path = Utils;
			sourceTree = "<group>";
		};
		7665391923A76A2C008D8F5F /* Schedules */ = {
			isa = PBXGroup;
			children = (
				7665391A23A76A2C008D8F5F /* ScheduleTableViewCell.xib */,
				7665391B23A76A2C008D8F5F /* Schedule.swift */,
				7665391C23A76A2C008D8F5F /* ScheduleTableViewCell.swift */,
			);
			path = Schedules;
			sourceTree = "<group>";
		};
		7665392223A76D07008D8F5F /* Error Enums */ = {
			isa = PBXGroup;
			children = (
				7665392323A76D07008D8F5F /* DatabaseErrorEnum.swift */,
				7665392423A76D07008D8F5F /* NetworkErrorEnum.swift */,
			);
			path = "Error Enums";
			sourceTree = "<group>";
		};
		7665392523A76D07008D8F5F /* Extensions */ = {
			isa = PBXGroup;
			children = (
				7665392623A76D07008D8F5F /* Extensions.swift */,
			);
			path = Extensions;
			sourceTree = "<group>";
		};
		7665392723A76D07008D8F5F /* Enums */ = {
			isa = PBXGroup;
			children = (
				7665392823A76D07008D8F5F /* PlayedStatusEnum.swift */,
				7665392923A76D07008D8F5F /* ConferenceEnum.swift */,
				7665392A23A76D07008D8F5F /* DivisionEnum.swift */,
				7665392B23A76D07008D8F5F /* PeriodEnum.swift */,
				7665392C23A76D07008D8F5F /* PositionEnum.swift */,
				7665392D23A76D07008D8F5F /* PlayingProbabilityEnum.swift */,
			);
			path = Enums;
			sourceTree = "<group>";
		};
		FA58142CF7FC22305522C080 /* Frameworks */ = {
			isa = PBXGroup;
			children = (
				1387EFE794C8CFF4D2060F83 /* Pods_HockeyInfo_Swift.framework */,
			);
			name = Frameworks;
			sourceTree = "<group>";
		};
/* End PBXGroup section */

/* Begin PBXNativeTarget section */
		766538A623A64336008D8F5F /* HockeyInfo-Swift */ = {
			isa = PBXNativeTarget;
			buildConfigurationList = 766538D123A64338008D8F5F /* Build configuration list for PBXNativeTarget "HockeyInfo-Swift" */;
			buildPhases = (
				1B712B30D872153A1C804039 /* [CP] Check Pods Manifest.lock */,
				766538A323A64336008D8F5F /* Sources */,
				766538A423A64336008D8F5F /* Frameworks */,
				766538A523A64336008D8F5F /* Resources */,
				C6EE2269AA73967964EAF7DB /* [CP] Embed Pods Frameworks */,
			);
			buildRules = (
			);
			dependencies = (
			);
			name = "HockeyInfo-Swift";
			productName = "HockeyInfo-Swift";
			productReference = 766538A723A64336008D8F5F /* HockeyInfo-Swift.app */;
			productType = "com.apple.product-type.application";
		};
		766538BC23A64338008D8F5F /* HockeyInfo-SwiftTests */ = {
			isa = PBXNativeTarget;
			buildConfigurationList = 766538D423A64338008D8F5F /* Build configuration list for PBXNativeTarget "HockeyInfo-SwiftTests" */;
			buildPhases = (
				766538B923A64338008D8F5F /* Sources */,
				766538BA23A64338008D8F5F /* Frameworks */,
				766538BB23A64338008D8F5F /* Resources */,
			);
			buildRules = (
			);
			dependencies = (
				766538BF23A64338008D8F5F /* PBXTargetDependency */,
			);
			name = "HockeyInfo-SwiftTests";
			productName = "HockeyInfo-SwiftTests";
			productReference = 766538BD23A64338008D8F5F /* HockeyInfo-SwiftTests.xctest */;
			productType = "com.apple.product-type.bundle.unit-test";
		};
		766538C723A64338008D8F5F /* HockeyInfo-SwiftUITests */ = {
			isa = PBXNativeTarget;
			buildConfigurationList = 766538D723A64338008D8F5F /* Build configuration list for PBXNativeTarget "HockeyInfo-SwiftUITests" */;
			buildPhases = (
				766538C423A64338008D8F5F /* Sources */,
				766538C523A64338008D8F5F /* Frameworks */,
				766538C623A64338008D8F5F /* Resources */,
			);
			buildRules = (
			);
			dependencies = (
				766538CA23A64338008D8F5F /* PBXTargetDependency */,
			);
			name = "HockeyInfo-SwiftUITests";
			productName = "HockeyInfo-SwiftUITests";
			productReference = 766538C823A64338008D8F5F /* HockeyInfo-SwiftUITests.xctest */;
			productType = "com.apple.product-type.bundle.ui-testing";
		};
/* End PBXNativeTarget section */

/* Begin PBXProject section */
		7665389F23A64336008D8F5F /* Project object */ = {
			isa = PBXProject;
			attributes = {
				LastSwiftUpdateCheck = 1120;
				LastUpgradeCheck = 1120;
				ORGANIZATIONNAME = "Larry Burris";
				TargetAttributes = {
					766538A623A64336008D8F5F = {
						CreatedOnToolsVersion = 11.2.1;
					};
					766538BC23A64338008D8F5F = {
						CreatedOnToolsVersion = 11.2.1;
						TestTargetID = 766538A623A64336008D8F5F;
					};
					766538C723A64338008D8F5F = {
						CreatedOnToolsVersion = 11.2.1;
						TestTargetID = 766538A623A64336008D8F5F;
					};
				};
			};
			buildConfigurationList = 766538A223A64336008D8F5F /* Build configuration list for PBXProject "HockeyInfo-Swift" */;
			compatibilityVersion = "Xcode 11.0";
			developmentRegion = en;
			hasScannedForEncodings = 0;
			knownRegions = (
				en,
				Base,
			);
			mainGroup = 7665389E23A64336008D8F5F;
			productRefGroup = 766538A823A64336008D8F5F /* Products */;
			projectDirPath = "";
			projectRoot = "";
			targets = (
				766538A623A64336008D8F5F /* HockeyInfo-Swift */,
				766538BC23A64338008D8F5F /* HockeyInfo-SwiftTests */,
				766538C723A64338008D8F5F /* HockeyInfo-SwiftUITests */,
			);
		};
/* End PBXProject section */

/* Begin PBXResourcesBuildPhase section */
		766538A523A64336008D8F5F /* Resources */ = {
			isa = PBXResourcesBuildPhase;
			buildActionMask = 2147483647;
			files = (
				766538B723A64338008D8F5F /* LaunchScreen.storyboard in Resources */,
				766538B423A64338008D8F5F /* Assets.xcassets in Resources */,
				7665390E23A769C9008D8F5F /* ScoreCell.xib in Resources */,
				7665390B23A769C9008D8F5F /* FutureScheduleViewCell.xib in Resources */,
				7665391F23A76A2C008D8F5F /* ScheduleTableViewCell.xib in Resources */,
				7665391523A769EA008D8F5F /* CellView.xib in Resources */,
				7665390C23A769C9008D8F5F /* StandingsCell.xib in Resources */,
				766538B223A64336008D8F5F /* Main.storyboard in Resources */,
				7665390A23A769C9008D8F5F /* ScoreSummaryCell.xib in Resources */,
				7665390723A769C9008D8F5F /* CompletedScheduleViewCell.xib in Resources */,
			);
			runOnlyForDeploymentPostprocessing = 0;
		};
		766538BB23A64338008D8F5F /* Resources */ = {
			isa = PBXResourcesBuildPhase;
			buildActionMask = 2147483647;
			files = (
			);
			runOnlyForDeploymentPostprocessing = 0;
		};
		766538C623A64338008D8F5F /* Resources */ = {
			isa = PBXResourcesBuildPhase;
			buildActionMask = 2147483647;
			files = (
			);
			runOnlyForDeploymentPostprocessing = 0;
		};
/* End PBXResourcesBuildPhase section */

/* Begin PBXShellScriptBuildPhase section */
		1B712B30D872153A1C804039 /* [CP] Check Pods Manifest.lock */ = {
			isa = PBXShellScriptBuildPhase;
			buildActionMask = 2147483647;
			files = (
			);
			inputFileListPaths = (
			);
			inputPaths = (
				"${PODS_PODFILE_DIR_PATH}/Podfile.lock",
				"${PODS_ROOT}/Manifest.lock",
			);
			name = "[CP] Check Pods Manifest.lock";
			outputFileListPaths = (
			);
			outputPaths = (
				"$(DERIVED_FILE_DIR)/Pods-HockeyInfo-Swift-checkManifestLockResult.txt",
			);
			runOnlyForDeploymentPostprocessing = 0;
			shellPath = /bin/sh;
			shellScript = "diff \"${PODS_PODFILE_DIR_PATH}/Podfile.lock\" \"${PODS_ROOT}/Manifest.lock\" > /dev/null\nif [ $? != 0 ] ; then\n    # print error to STDERR\n    echo \"error: The sandbox is not in sync with the Podfile.lock. Run 'pod install' or update your CocoaPods installation.\" >&2\n    exit 1\nfi\n# This output is used by Xcode 'outputs' to avoid re-running this script phase.\necho \"SUCCESS\" > \"${SCRIPT_OUTPUT_FILE_0}\"\n";
			showEnvVarsInLog = 0;
		};
		C6EE2269AA73967964EAF7DB /* [CP] Embed Pods Frameworks */ = {
			isa = PBXShellScriptBuildPhase;
			buildActionMask = 2147483647;
			files = (
			);
			inputFileListPaths = (
				"${PODS_ROOT}/Target Support Files/Pods-HockeyInfo-Swift/Pods-HockeyInfo-Swift-frameworks-${CONFIGURATION}-input-files.xcfilelist",
			);
			name = "[CP] Embed Pods Frameworks";
			outputFileListPaths = (
				"${PODS_ROOT}/Target Support Files/Pods-HockeyInfo-Swift/Pods-HockeyInfo-Swift-frameworks-${CONFIGURATION}-output-files.xcfilelist",
			);
			runOnlyForDeploymentPostprocessing = 0;
			shellPath = /bin/sh;
			shellScript = "\"${PODS_ROOT}/Target Support Files/Pods-HockeyInfo-Swift/Pods-HockeyInfo-Swift-frameworks.sh\"\n";
			showEnvVarsInLog = 0;
		};
/* End PBXShellScriptBuildPhase section */

/* Begin PBXSourcesBuildPhase section */
		766538A323A64336008D8F5F /* Sources */ = {
			isa = PBXSourcesBuildPhase;
			buildActionMask = 2147483647;
			files = (
				766538F123A76973008D8F5F /* NHLGameLog.swift in Sources */,
				7665393A23A76DAF008D8F5F /* Constants.swift in Sources */,
				766538DC23A7512E008D8F5F /* MainMenuViewController.swift in Sources */,
				766538F623A76973008D8F5F /* TeamStandings.swift in Sources */,
				7665391423A769EA008D8F5F /* CellView.swift in Sources */,
				766538F023A76973008D8F5F /* NHLTeam.swift in Sources */,
				7665390F23A769C9008D8F5F /* ScoreCell.swift in Sources */,
				766538AF23A64336008D8F5F /* WelcomeScreenViewController.swift in Sources */,
				7665391E23A76A2C008D8F5F /* ConversionUtils.swift in Sources */,
				766538F523A76973008D8F5F /* NHLScoringSummary.swift in Sources */,
				7665393523A76D08008D8F5F /* PositionEnum.swift in Sources */,
				7665393423A76D08008D8F5F /* PeriodEnum.swift in Sources */,
				766538F223A76973008D8F5F /* NHLPlayerInjury.swift in Sources */,
				7665390D23A769C9008D8F5F /* ScoreSummaryCell.swift in Sources */,
				766538DF23A7592A008D8F5F /* NetworkManager.swift in Sources */,
				766538F723A76973008D8F5F /* NHLSchedule.swift in Sources */,
				766538F823A76973008D8F5F /* MainMenuCategory.swift in Sources */,
				766538EE23A76973008D8F5F /* NHLPeriodScoringData.swift in Sources */,
				7665392F23A76D08008D8F5F /* NetworkErrorEnum.swift in Sources */,
				7665393323A76D08008D8F5F /* DivisionEnum.swift in Sources */,
				7665390823A769C9008D8F5F /* StandingsCell.swift in Sources */,
				766538F323A76973008D8F5F /* NHLPlayer.swift in Sources */,
				7665393623A76D08008D8F5F /* PlayingProbabilityEnum.swift in Sources */,
				766538AB23A64336008D8F5F /* AppDelegate.swift in Sources */,
				7665392E23A76D08008D8F5F /* DatabaseErrorEnum.swift in Sources */,
				766538F423A76973008D8F5F /* PlayerStatistics.swift in Sources */,
				7665391D23A76A2C008D8F5F /* TimeAndDateUtils.swift in Sources */,
				766538FB23A769A0008D8F5F /* TYProgressBar.swift in Sources */,
				7665393123A76D08008D8F5F /* PlayedStatusEnum.swift in Sources */,
				766538AD23A64336008D8F5F /* SceneDelegate.swift in Sources */,
				766538EF23A76973008D8F5F /* TeamStatistics.swift in Sources */,
				7665393023A76D08008D8F5F /* Extensions.swift in Sources */,
				7665391023A769C9008D8F5F /* FutureScheduleViewCell.swift in Sources */,
				7665393223A76D08008D8F5F /* ConferenceEnum.swift in Sources */,
				7665392023A76A2C008D8F5F /* Schedule.swift in Sources */,
				7665393823A76D58008D8F5F /* TeamManager.swift in Sources */,
				7665390923A769C9008D8F5F /* CompletedScheduleViewCell.swift in Sources */,
				7665392123A76A2C008D8F5F /* ScheduleTableViewCell.swift in Sources */,
			);
			runOnlyForDeploymentPostprocessing = 0;
		};
		766538B923A64338008D8F5F /* Sources */ = {
			isa = PBXSourcesBuildPhase;
			buildActionMask = 2147483647;
			files = (
				766538C223A64338008D8F5F /* HockeyInfo_SwiftTests.swift in Sources */,
			);
			runOnlyForDeploymentPostprocessing = 0;
		};
		766538C423A64338008D8F5F /* Sources */ = {
			isa = PBXSourcesBuildPhase;
			buildActionMask = 2147483647;
			files = (
				766538CD23A64338008D8F5F /* HockeyInfo_SwiftUITests.swift in Sources */,
			);
			runOnlyForDeploymentPostprocessing = 0;
		};
/* End PBXSourcesBuildPhase section */

/* Begin PBXTargetDependency section */
		766538BF23A64338008D8F5F /* PBXTargetDependency */ = {
			isa = PBXTargetDependency;
			target = 766538A623A64336008D8F5F /* HockeyInfo-Swift */;
			targetProxy = 766538BE23A64338008D8F5F /* PBXContainerItemProxy */;
		};
		766538CA23A64338008D8F5F /* PBXTargetDependency */ = {
			isa = PBXTargetDependency;
			target = 766538A623A64336008D8F5F /* HockeyInfo-Swift */;
			targetProxy = 766538C923A64338008D8F5F /* PBXContainerItemProxy */;
		};
/* End PBXTargetDependency section */

/* Begin PBXVariantGroup section */
		766538B023A64336008D8F5F /* Main.storyboard */ = {
			isa = PBXVariantGroup;
			children = (
				766538B123A64336008D8F5F /* Base */,
			);
			name = Main.storyboard;
			sourceTree = "<group>";
		};
		766538B523A64338008D8F5F /* LaunchScreen.storyboard */ = {
			isa = PBXVariantGroup;
			children = (
				766538B623A64338008D8F5F /* Base */,
			);
			name = LaunchScreen.storyboard;
			sourceTree = "<group>";
		};
/* End PBXVariantGroup section */

/* Begin XCBuildConfiguration section */
		766538CF23A64338008D8F5F /* Debug */ = {
			isa = XCBuildConfiguration;
			buildSettings = {
				ALWAYS_SEARCH_USER_PATHS = NO;
				CLANG_ANALYZER_NONNULL = YES;
				CLANG_ANALYZER_NUMBER_OBJECT_CONVERSION = YES_AGGRESSIVE;
				CLANG_CXX_LANGUAGE_STANDARD = "gnu++14";
				CLANG_CXX_LIBRARY = "libc++";
				CLANG_ENABLE_MODULES = YES;
				CLANG_ENABLE_OBJC_ARC = YES;
				CLANG_ENABLE_OBJC_WEAK = YES;
				CLANG_WARN_BLOCK_CAPTURE_AUTORELEASING = YES;
				CLANG_WARN_BOOL_CONVERSION = YES;
				CLANG_WARN_COMMA = YES;
				CLANG_WARN_CONSTANT_CONVERSION = YES;
				CLANG_WARN_DEPRECATED_OBJC_IMPLEMENTATIONS = YES;
				CLANG_WARN_DIRECT_OBJC_ISA_USAGE = YES_ERROR;
				CLANG_WARN_DOCUMENTATION_COMMENTS = YES;
				CLANG_WARN_EMPTY_BODY = YES;
				CLANG_WARN_ENUM_CONVERSION = YES;
				CLANG_WARN_INFINITE_RECURSION = YES;
				CLANG_WARN_INT_CONVERSION = YES;
				CLANG_WARN_NON_LITERAL_NULL_CONVERSION = YES;
				CLANG_WARN_OBJC_IMPLICIT_RETAIN_SELF = YES;
				CLANG_WARN_OBJC_LITERAL_CONVERSION = YES;
				CLANG_WARN_OBJC_ROOT_CLASS = YES_ERROR;
				CLANG_WARN_RANGE_LOOP_ANALYSIS = YES;
				CLANG_WARN_STRICT_PROTOTYPES = YES;
				CLANG_WARN_SUSPICIOUS_MOVE = YES;
				CLANG_WARN_UNGUARDED_AVAILABILITY = YES_AGGRESSIVE;
				CLANG_WARN_UNREACHABLE_CODE = YES;
				CLANG_WARN__DUPLICATE_METHOD_MATCH = YES;
				COPY_PHASE_STRIP = NO;
				DEBUG_INFORMATION_FORMAT = dwarf;
				ENABLE_STRICT_OBJC_MSGSEND = YES;
				ENABLE_TESTABILITY = YES;
				GCC_C_LANGUAGE_STANDARD = gnu11;
				GCC_DYNAMIC_NO_PIC = NO;
				GCC_NO_COMMON_BLOCKS = YES;
				GCC_OPTIMIZATION_LEVEL = 0;
				GCC_PREPROCESSOR_DEFINITIONS = (
					"DEBUG=1",
					"$(inherited)",
				);
				GCC_WARN_64_TO_32_BIT_CONVERSION = YES;
				GCC_WARN_ABOUT_RETURN_TYPE = YES_ERROR;
				GCC_WARN_UNDECLARED_SELECTOR = YES;
				GCC_WARN_UNINITIALIZED_AUTOS = YES_AGGRESSIVE;
				GCC_WARN_UNUSED_FUNCTION = YES;
				GCC_WARN_UNUSED_VARIABLE = YES;
				IPHONEOS_DEPLOYMENT_TARGET = 13.2;
				MTL_ENABLE_DEBUG_INFO = INCLUDE_SOURCE;
				MTL_FAST_MATH = YES;
				ONLY_ACTIVE_ARCH = YES;
				SDKROOT = iphoneos;
				SWIFT_ACTIVE_COMPILATION_CONDITIONS = DEBUG;
				SWIFT_OPTIMIZATION_LEVEL = "-Onone";
			};
			name = Debug;
		};
		766538D023A64338008D8F5F /* Release */ = {
			isa = XCBuildConfiguration;
			buildSettings = {
				ALWAYS_SEARCH_USER_PATHS = NO;
				CLANG_ANALYZER_NONNULL = YES;
				CLANG_ANALYZER_NUMBER_OBJECT_CONVERSION = YES_AGGRESSIVE;
				CLANG_CXX_LANGUAGE_STANDARD = "gnu++14";
				CLANG_CXX_LIBRARY = "libc++";
				CLANG_ENABLE_MODULES = YES;
				CLANG_ENABLE_OBJC_ARC = YES;
				CLANG_ENABLE_OBJC_WEAK = YES;
				CLANG_WARN_BLOCK_CAPTURE_AUTORELEASING = YES;
				CLANG_WARN_BOOL_CONVERSION = YES;
				CLANG_WARN_COMMA = YES;
				CLANG_WARN_CONSTANT_CONVERSION = YES;
				CLANG_WARN_DEPRECATED_OBJC_IMPLEMENTATIONS = YES;
				CLANG_WARN_DIRECT_OBJC_ISA_USAGE = YES_ERROR;
				CLANG_WARN_DOCUMENTATION_COMMENTS = YES;
				CLANG_WARN_EMPTY_BODY = YES;
				CLANG_WARN_ENUM_CONVERSION = YES;
				CLANG_WARN_INFINITE_RECURSION = YES;
				CLANG_WARN_INT_CONVERSION = YES;
				CLANG_WARN_NON_LITERAL_NULL_CONVERSION = YES;
				CLANG_WARN_OBJC_IMPLICIT_RETAIN_SELF = YES;
				CLANG_WARN_OBJC_LITERAL_CONVERSION = YES;
				CLANG_WARN_OBJC_ROOT_CLASS = YES_ERROR;
				CLANG_WARN_RANGE_LOOP_ANALYSIS = YES;
				CLANG_WARN_STRICT_PROTOTYPES = YES;
				CLANG_WARN_SUSPICIOUS_MOVE = YES;
				CLANG_WARN_UNGUARDED_AVAILABILITY = YES_AGGRESSIVE;
				CLANG_WARN_UNREACHABLE_CODE = YES;
				CLANG_WARN__DUPLICATE_METHOD_MATCH = YES;
				COPY_PHASE_STRIP = NO;
				DEBUG_INFORMATION_FORMAT = "dwarf-with-dsym";
				ENABLE_NS_ASSERTIONS = NO;
				ENABLE_STRICT_OBJC_MSGSEND = YES;
				GCC_C_LANGUAGE_STANDARD = gnu11;
				GCC_NO_COMMON_BLOCKS = YES;
				GCC_WARN_64_TO_32_BIT_CONVERSION = YES;
				GCC_WARN_ABOUT_RETURN_TYPE = YES_ERROR;
				GCC_WARN_UNDECLARED_SELECTOR = YES;
				GCC_WARN_UNINITIALIZED_AUTOS = YES_AGGRESSIVE;
				GCC_WARN_UNUSED_FUNCTION = YES;
				GCC_WARN_UNUSED_VARIABLE = YES;
				IPHONEOS_DEPLOYMENT_TARGET = 13.2;
				MTL_ENABLE_DEBUG_INFO = NO;
				MTL_FAST_MATH = YES;
				SDKROOT = iphoneos;
				SWIFT_COMPILATION_MODE = wholemodule;
				SWIFT_OPTIMIZATION_LEVEL = "-O";
				VALIDATE_PRODUCT = YES;
			};
			name = Release;
		};
		766538D223A64338008D8F5F /* Debug */ = {
			isa = XCBuildConfiguration;
			baseConfigurationReference = 081A34FA560CB84608037D42 /* Pods-HockeyInfo-Swift.debug.xcconfig */;
			buildSettings = {
				ASSETCATALOG_COMPILER_APPICON_NAME = AppIcon;
				CODE_SIGN_STYLE = Automatic;
				DEVELOPMENT_TEAM = C37927XKUL;
				INFOPLIST_FILE = "HockeyInfo-Swift/Info.plist";
				LD_RUNPATH_SEARCH_PATHS = (
					"$(inherited)",
					"@executable_path/Frameworks",
				);
				PRODUCT_BUNDLE_IDENTIFIER = "com.larry.burris.HockeyInfo-Swift";
				PRODUCT_NAME = "$(TARGET_NAME)";
				SWIFT_VERSION = 5.0;
				TARGETED_DEVICE_FAMILY = 1;
			};
			name = Debug;
		};
		766538D323A64338008D8F5F /* Release */ = {
			isa = XCBuildConfiguration;
			baseConfigurationReference = 43745ED212ADDA948A96D136 /* Pods-HockeyInfo-Swift.release.xcconfig */;
			buildSettings = {
				ASSETCATALOG_COMPILER_APPICON_NAME = AppIcon;
				CODE_SIGN_STYLE = Automatic;
				DEVELOPMENT_TEAM = C37927XKUL;
				INFOPLIST_FILE = "HockeyInfo-Swift/Info.plist";
				LD_RUNPATH_SEARCH_PATHS = (
					"$(inherited)",
					"@executable_path/Frameworks",
				);
				PRODUCT_BUNDLE_IDENTIFIER = "com.larry.burris.HockeyInfo-Swift";
				PRODUCT_NAME = "$(TARGET_NAME)";
				SWIFT_VERSION = 5.0;
				TARGETED_DEVICE_FAMILY = 1;
			};
			name = Release;
		};
		766538D523A64338008D8F5F /* Debug */ = {
			isa = XCBuildConfiguration;
			buildSettings = {
				ALWAYS_EMBED_SWIFT_STANDARD_LIBRARIES = YES;
				BUNDLE_LOADER = "$(TEST_HOST)";
				CODE_SIGN_STYLE = Automatic;
				DEVELOPMENT_TEAM = C37927XKUL;
				INFOPLIST_FILE = "HockeyInfo-SwiftTests/Info.plist";
				IPHONEOS_DEPLOYMENT_TARGET = 13.2;
				LD_RUNPATH_SEARCH_PATHS = (
					"$(inherited)",
					"@executable_path/Frameworks",
					"@loader_path/Frameworks",
				);
				PRODUCT_BUNDLE_IDENTIFIER = "com.larry.burris.HockeyInfo-SwiftTests";
				PRODUCT_NAME = "$(TARGET_NAME)";
				SWIFT_VERSION = 5.0;
				TARGETED_DEVICE_FAMILY = "1,2";
				TEST_HOST = "$(BUILT_PRODUCTS_DIR)/HockeyInfo-Swift.app/HockeyInfo-Swift";
			};
			name = Debug;
		};
		766538D623A64338008D8F5F /* Release */ = {
			isa = XCBuildConfiguration;
			buildSettings = {
				ALWAYS_EMBED_SWIFT_STANDARD_LIBRARIES = YES;
				BUNDLE_LOADER = "$(TEST_HOST)";
				CODE_SIGN_STYLE = Automatic;
				DEVELOPMENT_TEAM = C37927XKUL;
				INFOPLIST_FILE = "HockeyInfo-SwiftTests/Info.plist";
				IPHONEOS_DEPLOYMENT_TARGET = 13.2;
				LD_RUNPATH_SEARCH_PATHS = (
					"$(inherited)",
					"@executable_path/Frameworks",
					"@loader_path/Frameworks",
				);
				PRODUCT_BUNDLE_IDENTIFIER = "com.larry.burris.HockeyInfo-SwiftTests";
				PRODUCT_NAME = "$(TARGET_NAME)";
				SWIFT_VERSION = 5.0;
				TARGETED_DEVICE_FAMILY = "1,2";
				TEST_HOST = "$(BUILT_PRODUCTS_DIR)/HockeyInfo-Swift.app/HockeyInfo-Swift";
			};
			name = Release;
		};
		766538D823A64338008D8F5F /* Debug */ = {
			isa = XCBuildConfiguration;
			buildSettings = {
				ALWAYS_EMBED_SWIFT_STANDARD_LIBRARIES = YES;
				CODE_SIGN_STYLE = Automatic;
				DEVELOPMENT_TEAM = C37927XKUL;
				INFOPLIST_FILE = "HockeyInfo-SwiftUITests/Info.plist";
				LD_RUNPATH_SEARCH_PATHS = (
					"$(inherited)",
					"@executable_path/Frameworks",
					"@loader_path/Frameworks",
				);
				PRODUCT_BUNDLE_IDENTIFIER = "com.larry.burris.HockeyInfo-SwiftUITests";
				PRODUCT_NAME = "$(TARGET_NAME)";
				SWIFT_VERSION = 5.0;
				TARGETED_DEVICE_FAMILY = "1,2";
				TEST_TARGET_NAME = "HockeyInfo-Swift";
			};
			name = Debug;
		};
		766538D923A64338008D8F5F /* Release */ = {
			isa = XCBuildConfiguration;
			buildSettings = {
				ALWAYS_EMBED_SWIFT_STANDARD_LIBRARIES = YES;
				CODE_SIGN_STYLE = Automatic;
				DEVELOPMENT_TEAM = C37927XKUL;
				INFOPLIST_FILE = "HockeyInfo-SwiftUITests/Info.plist";
				LD_RUNPATH_SEARCH_PATHS = (
					"$(inherited)",
					"@executable_path/Frameworks",
					"@loader_path/Frameworks",
				);
				PRODUCT_BUNDLE_IDENTIFIER = "com.larry.burris.HockeyInfo-SwiftUITests";
				PRODUCT_NAME = "$(TARGET_NAME)";
				SWIFT_VERSION = 5.0;
				TARGETED_DEVICE_FAMILY = "1,2";
				TEST_TARGET_NAME = "HockeyInfo-Swift";
			};
			name = Release;
		};
/* End XCBuildConfiguration section */

/* Begin XCConfigurationList section */
		766538A223A64336008D8F5F /* Build configuration list for PBXProject "HockeyInfo-Swift" */ = {
			isa = XCConfigurationList;
			buildConfigurations = (
				766538CF23A64338008D8F5F /* Debug */,
				766538D023A64338008D8F5F /* Release */,
			);
			defaultConfigurationIsVisible = 0;
			defaultConfigurationName = Release;
		};
		766538D123A64338008D8F5F /* Build configuration list for PBXNativeTarget "HockeyInfo-Swift" */ = {
			isa = XCConfigurationList;
			buildConfigurations = (
				766538D223A64338008D8F5F /* Debug */,
				766538D323A64338008D8F5F /* Release */,
			);
			defaultConfigurationIsVisible = 0;
			defaultConfigurationName = Release;
		};
		766538D423A64338008D8F5F /* Build configuration list for PBXNativeTarget "HockeyInfo-SwiftTests" */ = {
			isa = XCConfigurationList;
			buildConfigurations = (
				766538D523A64338008D8F5F /* Debug */,
				766538D623A64338008D8F5F /* Release */,
			);
			defaultConfigurationIsVisible = 0;
			defaultConfigurationName = Release;
		};
		766538D723A64338008D8F5F /* Build configuration list for PBXNativeTarget "HockeyInfo-SwiftUITests" */ = {
			isa = XCConfigurationList;
			buildConfigurations = (
				766538D823A64338008D8F5F /* Debug */,
				766538D923A64338008D8F5F /* Release */,
			);
			defaultConfigurationIsVisible = 0;
			defaultConfigurationName = Release;
		};
/* End XCConfigurationList section */
	};
	rootObject = 7665389F23A64336008D8F5F /* Project object */;
}
